
Microsoft Visual Studio Solution File, Format Version 12.00
# Visual Studio Version 17
VisualStudioVersion = 17.11.35208.52
MinimumVisualStudioVersion = 10.0.40219.1
Project("{FAE04EC0-301F-11D3-BF4B-00C04F79EFBC}") = "SparkyNUnit", "TestProject\SparkyNUnit.csproj", "{8B06263A-AC8D-418C-9627-ED9AFD186CCF}"
EndProject
Project("{FAE04EC0-301F-11D3-BF4B-00C04F79EFBC}") = "Sparky", "..\Sparky\Sparky.csproj", "{61E6CAAE-82DE-4B7C-89A1-74610B55097F}"
EndProject
Global
	GlobalSection(SolutionConfigurationPlatforms) = preSolution
		Debug|Any CPU = Debug|Any CPU
		Release|Any CPU = Release|Any CPU
	EndGlobalSection
	GlobalSection(ProjectConfigurationPlatforms) = postSolution
		{8B06263A-AC8D-418C-9627-ED9AFD186CCF}.Debug|Any CPU.ActiveCfg = Debug|Any CPU
		{8B06263A-AC8D-418C-9627-ED9AFD186CCF}.Debug|Any CPU.Build.0 = Debug|Any CPU
		{8B06263A-AC8D-418C-9627-ED9AFD186CCF}.Release|Any CPU.ActiveCfg = Release|Any CPU
		{8B06263A-AC8D-418C-9627-ED9AFD186CCF}.Release|Any CPU.Build.0 = Release|Any CPU
		{61E6CAAE-82DE-4B7C-89A1-74610B55097F}.Debug|Any CPU.ActiveCfg = Debug|Any CPU
		{61E6CAAE-82DE-4B7C-89A1-74610B55097F}.Debug|Any CPU.Build.0 = Debug|Any CPU
		{61E6CAAE-82DE-4B7C-89A1-74610B55097F}.Release|Any CPU.ActiveCfg = Release|Any CPU
		{61E6CAAE-82DE-4B7C-89A1-74610B55097F}.Release|Any CPU.Build.0 = Release|Any CPU
	EndGlobalSection
	GlobalSection(SolutionProperties) = preSolution
		HideSolutionNode = FALSE
	EndGlobalSection
	GlobalSection(ExtensibilityGlobals) = postSolution
		SolutionGuid = {47915E5B-DB3C-40D7-86E2-5DDFD4F4E9B3}
	EndGlobalSection
EndGlobal
