
Microsoft Visual Studio Solution File, Format Version 12.00
# Visual Studio Version 17
VisualStudioVersion = 17.11.35208.52
MinimumVisualStudioVersion = 10.0.40219.1
Project("{9A19103F-16F7-4668-BE54-9A1E7A4F7556}") = "SparkyNUnit", "TestProject\SparkyNUnit.csproj", "{8B06263A-AC8D-418C-9627-ED9AFD186CCF}"
EndProject
Project("{9A19103F-16F7-4668-BE54-9A1E7A4F7556}") = "Sparky", "..\Sparky\Sparky.csproj", "{61E6CAAE-82DE-4B7C-89A1-74610B55097F}"
EndProject
Project("{9A19103F-16F7-4668-BE54-9A1E7A4F7556}") = "SparkyXUnit", "..\SparkyXUnit\SparkyXUnit.csproj", "{1692A4C1-5B8B-4DC1-8774-BFE22C62B8DA}"
EndProject
Project("{2150E333-8FDC-42A3-9474-1A3956D46DE8}") = "Web_Projects", "Web_Projects", "{C38F271C-A2FF-4954-97D2-2D8F293E2EF5}"
EndProject
Project("{9A19103F-16F7-4668-BE54-9A1E7A4F7556}") = "Bongo.Core", "..\Bongo_InitialSetup\Bongo.Core\Bongo.Core.csproj", "{34981E9B-91BE-4903-9422-1101151CD490}"
EndProject
Project("{9A19103F-16F7-4668-BE54-9A1E7A4F7556}") = "Bongo.DataAccess", "..\Bongo_InitialSetup\Bongo.DataAccess\Bongo.DataAccess.csproj", "{4A797357-3B75-43CC-9ECC-2F471B8F2058}"
EndProject
Project("{9A19103F-16F7-4668-BE54-9A1E7A4F7556}") = "Bongo.Models", "..\Bongo_InitialSetup\Bongo.Models\Bongo.Models.csproj", "{3E3FBFD9-26B7-4CD2-9EB9-02C189201180}"
EndProject
Project("{9A19103F-16F7-4668-BE54-9A1E7A4F7556}") = "Bongo.Web", "..\Bongo_InitialSetup\Bongo.Web\Bongo.Web.csproj", "{5AE8590E-63E3-40C0-8D2F-CB07E36E7279}"
EndProject
Project("{2150E333-8FDC-42A3-9474-1A3956D46DE8}") = "Web_Projects_Test", "Web_Projects_Test", "{FC8E8A3D-C19F-4C09-9E85-0F415700D2F0}"
EndProject
Project("{9A19103F-16F7-4668-BE54-9A1E7A4F7556}") = "Bongo.Web.Tests", "..\Bongo_Tests\Bongo.Web.Tests\Bongo.Web.Tests.csproj", "{25CA0DDB-34F4-4C15-8E9F-CBC36CCAF9C4}"
EndProject
Project("{9A19103F-16F7-4668-BE54-9A1E7A4F7556}") = "Bongo.Models.Tests", "..\Bongo_Tests\Bongo.Models.Tests\Bongo.Models.Tests.csproj", "{87D639F1-08B2-44C2-8BBF-8B4C2ED8C2C8}"
EndProject
Project("{9A19103F-16F7-4668-BE54-9A1E7A4F7556}") = "Bongo.DataAccess.Tests", "..\Bongo_Tests\Bongo.DataAccess.Tests\Bongo.DataAccess.Tests.csproj", "{D5FB569F-A580-480F-9231-B20C44A4D3C8}"
EndProject
Project("{9A19103F-16F7-4668-BE54-9A1E7A4F7556}") = "Bongo.Core.Tests", "..\Bongo_Tests\Bongo.Core.Tests\Bongo.Core.Tests.csproj", "{1CF4E1C3-4769-4F4C-8F28-36C4E78854AB}"
EndProject
Global
	GlobalSection(SolutionConfigurationPlatforms) = preSolution
		Debug|Any CPU = Debug|Any CPU
		Release|Any CPU = Release|Any CPU
	EndGlobalSection
	GlobalSection(ProjectConfigurationPlatforms) = postSolution
		{8B06263A-AC8D-418C-9627-ED9AFD186CCF}.Debug|Any CPU.ActiveCfg = Debug|Any CPU
		{8B06263A-AC8D-418C-9627-ED9AFD186CCF}.Debug|Any CPU.Build.0 = Debug|Any CPU
		{8B06263A-AC8D-418C-9627-ED9AFD186CCF}.Release|Any CPU.ActiveCfg = Release|Any CPU
		{8B06263A-AC8D-418C-9627-ED9AFD186CCF}.Release|Any CPU.Build.0 = Release|Any CPU
		{61E6CAAE-82DE-4B7C-89A1-74610B55097F}.Debug|Any CPU.ActiveCfg = Debug|Any CPU
		{61E6CAAE-82DE-4B7C-89A1-74610B55097F}.Debug|Any CPU.Build.0 = Debug|Any CPU
		{61E6CAAE-82DE-4B7C-89A1-74610B55097F}.Release|Any CPU.ActiveCfg = Release|Any CPU
		{61E6CAAE-82DE-4B7C-89A1-74610B55097F}.Release|Any CPU.Build.0 = Release|Any CPU
		{1692A4C1-5B8B-4DC1-8774-BFE22C62B8DA}.Debug|Any CPU.ActiveCfg = Debug|Any CPU
		{1692A4C1-5B8B-4DC1-8774-BFE22C62B8DA}.Debug|Any CPU.Build.0 = Debug|Any CPU
		{1692A4C1-5B8B-4DC1-8774-BFE22C62B8DA}.Release|Any CPU.ActiveCfg = Release|Any CPU
		{1692A4C1-5B8B-4DC1-8774-BFE22C62B8DA}.Release|Any CPU.Build.0 = Release|Any CPU
		{34981E9B-91BE-4903-9422-1101151CD490}.Debug|Any CPU.ActiveCfg = Debug|Any CPU
		{34981E9B-91BE-4903-9422-1101151CD490}.Debug|Any CPU.Build.0 = Debug|Any CPU
		{34981E9B-91BE-4903-9422-1101151CD490}.Release|Any CPU.ActiveCfg = Release|Any CPU
		{34981E9B-91BE-4903-9422-1101151CD490}.Release|Any CPU.Build.0 = Release|Any CPU
		{4A797357-3B75-43CC-9ECC-2F471B8F2058}.Debug|Any CPU.ActiveCfg = Debug|Any CPU
		{4A797357-3B75-43CC-9ECC-2F471B8F2058}.Debug|Any CPU.Build.0 = Debug|Any CPU
		{4A797357-3B75-43CC-9ECC-2F471B8F2058}.Release|Any CPU.ActiveCfg = Release|Any CPU
		{4A797357-3B75-43CC-9ECC-2F471B8F2058}.Release|Any CPU.Build.0 = Release|Any CPU
		{3E3FBFD9-26B7-4CD2-9EB9-02C189201180}.Debug|Any CPU.ActiveCfg = Debug|Any CPU
		{3E3FBFD9-26B7-4CD2-9EB9-02C189201180}.Debug|Any CPU.Build.0 = Debug|Any CPU
		{3E3FBFD9-26B7-4CD2-9EB9-02C189201180}.Release|Any CPU.ActiveCfg = Release|Any CPU
		{3E3FBFD9-26B7-4CD2-9EB9-02C189201180}.Release|Any CPU.Build.0 = Release|Any CPU
		{5AE8590E-63E3-40C0-8D2F-CB07E36E7279}.Debug|Any CPU.ActiveCfg = Debug|Any CPU
		{5AE8590E-63E3-40C0-8D2F-CB07E36E7279}.Debug|Any CPU.Build.0 = Debug|Any CPU
		{5AE8590E-63E3-40C0-8D2F-CB07E36E7279}.Release|Any CPU.ActiveCfg = Release|Any CPU
		{5AE8590E-63E3-40C0-8D2F-CB07E36E7279}.Release|Any CPU.Build.0 = Release|Any CPU
		{25CA0DDB-34F4-4C15-8E9F-CBC36CCAF9C4}.Debug|Any CPU.ActiveCfg = Debug|Any CPU
		{25CA0DDB-34F4-4C15-8E9F-CBC36CCAF9C4}.Debug|Any CPU.Build.0 = Debug|Any CPU
		{25CA0DDB-34F4-4C15-8E9F-CBC36CCAF9C4}.Release|Any CPU.ActiveCfg = Release|Any CPU
		{25CA0DDB-34F4-4C15-8E9F-CBC36CCAF9C4}.Release|Any CPU.Build.0 = Release|Any CPU
		{87D639F1-08B2-44C2-8BBF-8B4C2ED8C2C8}.Debug|Any CPU.ActiveCfg = Debug|Any CPU
		{87D639F1-08B2-44C2-8BBF-8B4C2ED8C2C8}.Debug|Any CPU.Build.0 = Debug|Any CPU
		{87D639F1-08B2-44C2-8BBF-8B4C2ED8C2C8}.Release|Any CPU.ActiveCfg = Release|Any CPU
		{87D639F1-08B2-44C2-8BBF-8B4C2ED8C2C8}.Release|Any CPU.Build.0 = Release|Any CPU
		{D5FB569F-A580-480F-9231-B20C44A4D3C8}.Debug|Any CPU.ActiveCfg = Debug|Any CPU
		{D5FB569F-A580-480F-9231-B20C44A4D3C8}.Debug|Any CPU.Build.0 = Debug|Any CPU
		{D5FB569F-A580-480F-9231-B20C44A4D3C8}.Release|Any CPU.ActiveCfg = Release|Any CPU
		{D5FB569F-A580-480F-9231-B20C44A4D3C8}.Release|Any CPU.Build.0 = Release|Any CPU
		{1CF4E1C3-4769-4F4C-8F28-36C4E78854AB}.Debug|Any CPU.ActiveCfg = Debug|Any CPU
		{1CF4E1C3-4769-4F4C-8F28-36C4E78854AB}.Debug|Any CPU.Build.0 = Debug|Any CPU
		{1CF4E1C3-4769-4F4C-8F28-36C4E78854AB}.Release|Any CPU.ActiveCfg = Release|Any CPU
		{1CF4E1C3-4769-4F4C-8F28-36C4E78854AB}.Release|Any CPU.Build.0 = Release|Any CPU
	EndGlobalSection
	GlobalSection(SolutionProperties) = preSolution
		HideSolutionNode = FALSE
	EndGlobalSection
	GlobalSection(NestedProjects) = preSolution
		{34981E9B-91BE-4903-9422-1101151CD490} = {C38F271C-A2FF-4954-97D2-2D8F293E2EF5}
		{4A797357-3B75-43CC-9ECC-2F471B8F2058} = {C38F271C-A2FF-4954-97D2-2D8F293E2EF5}
		{3E3FBFD9-26B7-4CD2-9EB9-02C189201180} = {C38F271C-A2FF-4954-97D2-2D8F293E2EF5}
		{5AE8590E-63E3-40C0-8D2F-CB07E36E7279} = {C38F271C-A2FF-4954-97D2-2D8F293E2EF5}
		{25CA0DDB-34F4-4C15-8E9F-CBC36CCAF9C4} = {FC8E8A3D-C19F-4C09-9E85-0F415700D2F0}
		{87D639F1-08B2-44C2-8BBF-8B4C2ED8C2C8} = {FC8E8A3D-C19F-4C09-9E85-0F415700D2F0}
		{D5FB569F-A580-480F-9231-B20C44A4D3C8} = {FC8E8A3D-C19F-4C09-9E85-0F415700D2F0}
		{1CF4E1C3-4769-4F4C-8F28-36C4E78854AB} = {FC8E8A3D-C19F-4C09-9E85-0F415700D2F0}
	EndGlobalSection
	GlobalSection(ExtensibilityGlobals) = postSolution
		SolutionGuid = {47915E5B-DB3C-40D7-86E2-5DDFD4F4E9B3}
	EndGlobalSection
EndGlobal
